
Microsoft Visual Studio Solution File, Format Version 12.00
# Visual Studio Version 17
VisualStudioVersion = 17.4.33205.214
MinimumVisualStudioVersion = 10.0.40219.1
Project("{FAE04EC0-301F-11D3-BF4B-00C04F79EFBC}") = "TwinPics", "TwinPics\TwinPics.csproj", "{A1CD089A-D339-450B-84DF-16A1CE775227}"
EndProject
Global
	GlobalSection(SolutionConfigurationPlatforms) = preSolution
		Debug|ARM = Debug|ARM
		Debug|ARM64 = Debug|ARM64
		Debug|x64 = Debug|x64
		Debug|x86 = Debug|x86
		Release|ARM = Release|ARM
		Release|ARM64 = Release|ARM64
		Release|x64 = Release|x64
		Release|x86 = Release|x86
	EndGlobalSection
	GlobalSection(ProjectConfigurationPlatforms) = postSolution
		{A1CD089A-D339-450B-84DF-16A1CE775227}.Debug|ARM.ActiveCfg = Debug|ARM
		{A1CD089A-D339-450B-84DF-16A1CE775227}.Debug|ARM.Build.0 = Debug|ARM
		{A1CD089A-D339-450B-84DF-16A1CE775227}.Debug|ARM.Deploy.0 = Debug|ARM
		{A1CD089A-D339-450B-84DF-16A1CE775227}.Debug|ARM64.ActiveCfg = Debug|ARM64
		{A1CD089A-D339-450B-84DF-16A1CE775227}.Debug|ARM64.Build.0 = Debug|ARM64
		{A1CD089A-D339-450B-84DF-16A1CE775227}.Debug|ARM64.Deploy.0 = Debug|ARM64
		{A1CD089A-D339-450B-84DF-16A1CE775227}.Debug|x64.ActiveCfg = Debug|x64
		{A1CD089A-D339-450B-84DF-16A1CE775227}.Debug|x64.Build.0 = Debug|x64
		{A1CD089A-D339-450B-84DF-16A1CE775227}.Debug|x64.Deploy.0 = Debug|x64
		{A1CD089A-D339-450B-84DF-16A1CE775227}.Debug|x86.ActiveCfg = Debug|x86
		{A1CD089A-D339-450B-84DF-16A1CE775227}.Debug|x86.Build.0 = Debug|x86
		{A1CD089A-D339-450B-84DF-16A1CE775227}.Debug|x86.Deploy.0 = Debug|x86
		{A1CD089A-D339-450B-84DF-16A1CE775227}.Release|ARM.ActiveCfg = Release|ARM
		{A1CD089A-D339-450B-84DF-16A1CE775227}.Release|ARM.Build.0 = Release|ARM
		{A1CD089A-D339-450B-84DF-16A1CE775227}.Release|ARM.Deploy.0 = Release|ARM
		{A1CD089A-D339-450B-84DF-16A1CE775227}.Release|ARM64.ActiveCfg = Release|ARM64
		{A1CD089A-D339-450B-84DF-16A1CE775227}.Release|ARM64.Build.0 = Release|ARM64
		{A1CD089A-D339-450B-84DF-16A1CE775227}.Release|ARM64.Deploy.0 = Release|ARM64
		{A1CD089A-D339-450B-84DF-16A1CE775227}.Release|x64.ActiveCfg = Release|x64
		{A1CD089A-D339-450B-84DF-16A1CE775227}.Release|x64.Build.0 = Release|x64
		{A1CD089A-D339-450B-84DF-16A1CE775227}.Release|x64.Deploy.0 = Release|x64
		{A1CD089A-D339-450B-84DF-16A1CE775227}.Release|x86.ActiveCfg = Release|x86
		{A1CD089A-D339-450B-84DF-16A1CE775227}.Release|x86.Build.0 = Release|x86
		{A1CD089A-D339-450B-84DF-16A1CE775227}.Release|x86.Deploy.0 = Release|x86
	EndGlobalSection
	GlobalSection(SolutionProperties) = preSolution
		HideSolutionNode = FALSE
	EndGlobalSection
	GlobalSection(ExtensibilityGlobals) = postSolution
		SolutionGuid = {4B4E6172-0BCB-4BFB-BCC9-C30CAFD2D0F5}
	EndGlobalSection
EndGlobal
